
Microsoft Visual Studio Solution File, Format Version 11.00
# Visual Studio 2010
# SharpDevelop 5.2
Project("{FAE04EC0-301F-11D3-BF4B-00C04F79EFBC}") = "SSZG_MakeListItem", "SSZG_MakeListItem.csproj", "{1F10F343-04FC-4089-B0E7-922B0313DFAC}"
EndProject
Global
	GlobalSection(SolutionConfigurationPlatforms) = preSolution
		Debug|Any CPU = Debug|Any CPU
		Release|Any CPU = Release|Any CPU
	EndGlobalSection
	GlobalSection(ProjectConfigurationPlatforms) = postSolution
		{1F10F343-04FC-4089-B0E7-922B0313DFAC}.Debug|Any CPU.ActiveCfg = Debug|Any CPU
		{1F10F343-04FC-4089-B0E7-922B0313DFAC}.Debug|Any CPU.Build.0 = Debug|Any CPU
		{1F10F343-04FC-4089-B0E7-922B0313DFAC}.Release|Any CPU.ActiveCfg = Release|Any CPU
		{1F10F343-04FC-4089-B0E7-922B0313DFAC}.Release|Any CPU.Build.0 = Release|Any CPU
	EndGlobalSection
EndGlobal
